
Microsoft Visual Studio Solution File, Format Version 12.00
# Visual Studio Version 16
VisualStudioVersion = 16.0.31624.102
MinimumVisualStudioVersion = 10.0.40219.1
Project("{FAE04EC0-301F-11D3-BF4B-00C04F79EFBC}") = "pdftk_wrapper", "pdftk_wrapper\pdftk_wrapper.csproj", "{F89A322E-9889-477C-AA81-839A7E5275C2}"
EndProject
Global
	GlobalSection(SolutionConfigurationPlatforms) = preSolution
		Debug|Any CPU = Debug|Any CPU
		Release|Any CPU = Release|Any CPU
	EndGlobalSection
	GlobalSection(ProjectConfigurationPlatforms) = postSolution
		{F89A322E-9889-477C-AA81-839A7E5275C2}.Debug|Any CPU.ActiveCfg = Debug|Any CPU
		{F89A322E-9889-477C-AA81-839A7E5275C2}.Debug|Any CPU.Build.0 = Debug|Any CPU
		{F89A322E-9889-477C-AA81-839A7E5275C2}.Release|Any CPU.ActiveCfg = Release|Any CPU
		{F89A322E-9889-477C-AA81-839A7E5275C2}.Release|Any CPU.Build.0 = Release|Any CPU
	EndGlobalSection
	GlobalSection(SolutionProperties) = preSolution
		HideSolutionNode = FALSE
	EndGlobalSection
	GlobalSection(ExtensibilityGlobals) = postSolution
		SolutionGuid = {78A7DB52-C99E-4048-B359-C4E9EEF0B456}
	EndGlobalSection
EndGlobal
